{
  "nodes": {
    "caelestia-cli": {
      "inputs": {
        "caelestia-shell": "caelestia-shell",
        "nixpkgs": "nixpkgs"
      },
      "locked": {
        "lastModified": 1771987897,
        "narHash": "sha256-5pNQFGxG3fxS9pGnNBJjT76veotKIKq2XpAVFGAhCdI=",
        "owner": "caelestia-dots",
        "repo": "cli",
        "rev": "b0d68f0a1c48fa138d6fde94dcbecea801a86a01",
        "type": "github"
      },
      "original": {
        "owner": "caelestia-dots",
        "repo": "cli",
        "type": "github"
      }
    },
    "caelestia-shell": {
      "inputs": {
        "caelestia-cli": [
          "caelestia-cli"
        ],
        "nixpkgs": [
          "caelestia-cli",
          "nixpkgs"
        ],
        "quickshell": "quickshell"
      },
      "locked": {
        "lastModified": 1771916719,
        "narHash": "sha256-ciqlUWBoW63bep7WnpFgsBnhGDf/nTm3FVoQABdu68A=",
        "owner": "caelestia-dots",
        "repo": "shell",
        "rev": "71f291f79bf7c35ad7db2c0061efc80cf768426a",
        "type": "github"
      },
      "original": {
        "owner": "caelestia-dots",
        "repo": "shell",
        "type": "github"
      }
    },
    "crane": {
      "locked": {
        "lastModified": 1771121070,
        "narHash": "sha256-aIlv7FRXF9q70DNJPI237dEDAznSKaXmL5lfK/Id/bI=",
        "owner": "ipetkov",
        "repo": "crane",
        "rev": "a2812c19f1ed2e5ed5ce2ef7109798b575c180e1",
        "type": "github"
      },
      "original": {
        "owner": "ipetkov",
        "repo": "crane",
        "type": "github"
      }
    },
    "cursor": {
      "inputs": {
        "flake-utils": "flake-utils",
        "nixpkgs": [
          "nixpkgs"
        ]
      },
      "locked": {
        "lastModified": 1770515027,
        "narHash": "sha256-sNtgoHJk/MRsxU2O5nCyQIJqnuSGm8QltZIIbQy8UvM=",
        "owner": "omarcresp",
        "repo": "cursor-flake",
        "rev": "9bb1540fb12322e42d65eaac05cedd6792345853",
        "type": "github"
      },
      "original": {
        "owner": "omarcresp",
        "ref": "main",
        "repo": "cursor-flake",
        "type": "github"
      }
    },
    "flake-compat": {
      "flake": false,
      "locked": {
        "lastModified": 1761588595,
        "narHash": "sha256-XKUZz9zewJNUj46b4AJdiRZJAvSZ0Dqj2BNfXvFlJC4=",
        "owner": "edolstra",
        "repo": "flake-compat",
        "rev": "f387cd2afec9419c8ee37694406ca490c3f34ee5",
        "type": "github"
      },
      "original": {
        "owner": "edolstra",
        "repo": "flake-compat",
        "type": "github"
      }
    },
    "flake-compat_2": {
      "flake": false,
      "locked": {
        "lastModified": 1767039857,
        "narHash": "sha256-vNpUSpF5Nuw8xvDLj2KCwwksIbjua2LZCqhV1LNRDns=",
        "owner": "NixOS",
        "repo": "flake-compat",
        "rev": "5edf11c44bc78a0d334f6334cdaf7d60d732daab",
        "type": "github"
      },
      "original": {
        "owner": "NixOS",
        "repo": "flake-compat",
        "type": "github"
      }
    },
    "flake-compat_3": {
      "flake": false,
      "locked": {
        "lastModified": 1747046372,
        "narHash": "sha256-CIVLLkVgvHYbgI2UpXvIIBJ12HWgX+fjA8Xf8PUmqCY=",
        "owner": "edolstra",
        "repo": "flake-compat",
        "rev": "9100a0f413b0c601e0533d1d94ffd501ce2e7885",
        "type": "github"
      },
      "original": {
        "owner": "edolstra",
        "repo": "flake-compat",
        "type": "github"
      }
    },
    "flake-compat_4": {
      "locked": {
        "lastModified": 1761640442,
        "narHash": "sha256-AtrEP6Jmdvrqiv4x2xa5mrtaIp3OEe8uBYCDZDS+hu8=",
        "owner": "nix-community",
        "repo": "flake-compat",
        "rev": "4a56054d8ffc173222d09dad23adf4ba946c8884",
        "type": "github"
      },
      "original": {
        "owner": "nix-community",
        "repo": "flake-compat",
        "type": "github"
      }
    },
    "flake-parts": {
      "inputs": {
        "nixpkgs-lib": [
          "lazyvim-nix",
          "nixpkgs"
        ]
      },
      "locked": {
        "lastModified": 1769996383,
        "narHash": "sha256-AnYjnFWgS49RlqX7LrC4uA+sCCDBj0Ry/WOJ5XWAsa0=",
        "owner": "hercules-ci",
        "repo": "flake-parts",
        "rev": "57928607ea566b5db3ad13af0e57e921e6b12381",
        "type": "github"
      },
      "original": {
        "owner": "hercules-ci",
        "repo": "flake-parts",
        "type": "github"
      }
    },
    "flake-parts_2": {
      "inputs": {
        "nixpkgs-lib": [
          "lazyvim-nix",
          "nixvim",
          "nixpkgs"
        ]
      },
      "locked": {
        "lastModified": 1769996383,
        "narHash": "sha256-AnYjnFWgS49RlqX7LrC4uA+sCCDBj0Ry/WOJ5XWAsa0=",
        "owner": "hercules-ci",
        "repo": "flake-parts",
        "rev": "57928607ea566b5db3ad13af0e57e921e6b12381",
        "type": "github"
      },
      "original": {
        "owner": "hercules-ci",
        "repo": "flake-parts",
        "type": "github"
      }
    },
    "flake-parts_3": {
      "inputs": {
        "nixpkgs-lib": [
          "nur",
          "nixpkgs"
        ]
      },
      "locked": {
        "lastModified": 1733312601,
        "narHash": "sha256-4pDvzqnegAfRkPwO3wmwBhVi/Sye1mzps0zHWYnP88c=",
        "owner": "hercules-ci",
        "repo": "flake-parts",
        "rev": "205b12d8b7cd4802fbcb8e8ef6a0f1408781a4f9",
        "type": "github"
      },
      "original": {
        "owner": "hercules-ci",
        "repo": "flake-parts",
        "type": "github"
      }
    },
    "flake-utils": {
      "inputs": {
        "systems": "systems"
      },
      "locked": {
        "lastModified": 1731533236,
        "narHash": "sha256-l0KFg5HjrsfsO/JpG+r7fRrqm12kzFHyUHqHCVpMMbI=",
        "owner": "numtide",
        "repo": "flake-utils",
        "rev": "11707dc2f618dd54ca8739b309ec4fc024de578b",
        "type": "github"
      },
      "original": {
        "owner": "numtide",
        "repo": "flake-utils",
        "type": "github"
      }
    },
    "flake-utils_2": {
      "inputs": {
        "systems": "systems_2"
      },
      "locked": {
        "lastModified": 1731533236,
        "narHash": "sha256-l0KFg5HjrsfsO/JpG+r7fRrqm12kzFHyUHqHCVpMMbI=",
        "owner": "numtide",
        "repo": "flake-utils",
        "rev": "11707dc2f618dd54ca8739b309ec4fc024de578b",
        "type": "github"
      },
      "original": {
        "owner": "numtide",
        "repo": "flake-utils",
        "type": "github"
      }
    },
    "flake-utils_3": {
      "inputs": {
        "systems": "systems_4"
      },
      "locked": {
        "lastModified": 1731533236,
        "narHash": "sha256-l0KFg5HjrsfsO/JpG+r7fRrqm12kzFHyUHqHCVpMMbI=",
        "owner": "numtide",
        "repo": "flake-utils",
        "rev": "11707dc2f618dd54ca8739b309ec4fc024de578b",
        "type": "github"
      },
      "original": {
        "owner": "numtide",
        "repo": "flake-utils",
        "type": "github"
      }
    },
    "flake-utils_4": {
      "inputs": {
        "systems": "systems_5"
      },
      "locked": {
        "lastModified": 1731533236,
        "narHash": "sha256-l0KFg5HjrsfsO/JpG+r7fRrqm12kzFHyUHqHCVpMMbI=",
        "owner": "numtide",
        "repo": "flake-utils",
        "rev": "11707dc2f618dd54ca8739b309ec4fc024de578b",
        "type": "github"
      },
      "original": {
        "owner": "numtide",
        "repo": "flake-utils",
        "type": "github"
      }
    },
    "flake-utils_5": {
      "inputs": {
        "systems": "systems_6"
      },
      "locked": {
        "lastModified": 1731533236,
        "narHash": "sha256-l0KFg5HjrsfsO/JpG+r7fRrqm12kzFHyUHqHCVpMMbI=",
        "owner": "numtide",
        "repo": "flake-utils",
        "rev": "11707dc2f618dd54ca8739b309ec4fc024de578b",
        "type": "github"
      },
      "original": {
        "owner": "numtide",
        "repo": "flake-utils",
        "type": "github"
      }
    },
    "ghostty": {
      "inputs": {
        "flake-compat": "flake-compat",
        "flake-utils": "flake-utils_2",
        "home-manager": "home-manager",
        "nixpkgs": "nixpkgs_2",
        "zig": "zig",
        "zon2nix": "zon2nix"
      },
      "locked": {
        "lastModified": 1771991459,
        "narHash": "sha256-VRbgXfW0DM3Kx3JEWFKj9LZQGng6FwfCDCfgoIweRVk=",
        "owner": "ghostty-org",
        "repo": "ghostty",
        "rev": "4c8f2bc77b218349839b8e929a981a2bdf4734a8",
        "type": "github"
      },
      "original": {
        "owner": "ghostty-org",
        "repo": "ghostty",
        "type": "github"
      }
    },
    "gitignore": {
      "inputs": {
        "nixpkgs": [
          "lanzaboote",
          "pre-commit",
          "nixpkgs"
        ]
      },
      "locked": {
        "lastModified": 1709087332,
        "narHash": "sha256-HG2cCnktfHsKV0s4XW83gU3F57gaTljL9KNSuG6bnQs=",
        "owner": "hercules-ci",
        "repo": "gitignore.nix",
        "rev": "637db329424fd7e46cf4185293b9cc8c88c95394",
        "type": "github"
      },
      "original": {
        "owner": "hercules-ci",
        "repo": "gitignore.nix",
        "type": "github"
      }
    },
    "hexecute": {
      "inputs": {
        "nixpkgs": "nixpkgs_3"
      },
      "locked": {
        "lastModified": 1765826167,
        "narHash": "sha256-iXQzLgZYzzD6b82Oa1nLvQKvUHrdOWgJi3awhW5YWrk=",
        "owner": "ThatOtherAndrew",
        "repo": "Hexecute",
        "rev": "2105ee3f80a748bd4e270e8092fc12be4be927b6",
        "type": "github"
      },
      "original": {
        "owner": "ThatOtherAndrew",
        "repo": "Hexecute",
        "type": "github"
      }
    },
    "home-manager": {
      "inputs": {
        "nixpkgs": [
          "ghostty",
          "nixpkgs"
        ]
      },
      "locked": {
        "lastModified": 1770586272,
        "narHash": "sha256-Ucci8mu8QfxwzyfER2DQDbvW9t1BnTUJhBmY7ybralo=",
        "owner": "nix-community",
        "repo": "home-manager",
        "rev": "b1f916ba052341edc1f80d4b2399f1092a4873ca",
        "type": "github"
      },
      "original": {
        "owner": "nix-community",
        "repo": "home-manager",
        "type": "github"
      }
    },
    "home-manager_2": {
      "inputs": {
        "nixpkgs": [
          "nixpkgs"
        ]
      },
      "locked": {
        "lastModified": 1771851181,
        "narHash": "sha256-gFgE6mGUftwseV3DUENMb0k0EiHd739lZexPo5O/sdQ=",
        "owner": "nix-community",
        "repo": "home-manager",
        "rev": "9a4b494b1aa1b93d8edf167f46dc8e0c0011280c",
        "type": "github"
      },
      "original": {
        "owner": "nix-community",
        "repo": "home-manager",
        "type": "github"
      }
    },
    "home-manager_3": {
      "inputs": {
        "nixpkgs": [
          "zen-browser",
          "nixpkgs"
        ]
      },
      "locked": {
        "lastModified": 1771756436,
        "narHash": "sha256-Tl2I0YXdhSTufGqAaD1ySh8x+cvVsEI1mJyJg12lxhI=",
        "owner": "nix-community",
        "repo": "home-manager",
        "rev": "5bd3589390b431a63072868a90c0f24771ff4cbb",
        "type": "github"
      },
      "original": {
        "owner": "nix-community",
        "repo": "home-manager",
        "type": "github"
      }
    },
    "lanzaboote": {
      "inputs": {
        "crane": "crane",
        "nixpkgs": [
          "nixpkgs"
        ],
        "pre-commit": "pre-commit",
        "rust-overlay": "rust-overlay"
      },
      "locked": {
        "lastModified": 1771834715,
        "narHash": "sha256-5VI2KiMifx3Dca7nDJzctO3HpnS6zrvesdkLoZBrQRY=",
        "owner": "nix-community",
        "repo": "lanzaboote",
        "rev": "b798c53da0f7e521317a5413335096a21070cf0b",
        "type": "github"
      },
      "original": {
        "owner": "nix-community",
        "repo": "lanzaboote",
        "type": "github"
      }
    },
    "lazyvim-nix": {
      "inputs": {
        "flake-parts": "flake-parts",
        "nixpkgs": [
          "nixpkgs"
        ],
        "nixvim": "nixvim"
      },
      "locked": {
        "lastModified": 1771921313,
        "narHash": "sha256-frGmkRxKRYc+PTflRiHK00y9EqHpfcJYe0I+YM91t6I=",
        "owner": "gujial",
        "repo": "lazyvim-nix",
        "rev": "fdc0b976367cf9bc8217e1393990607b085f254e",
        "type": "github"
      },
      "original": {
        "owner": "gujial",
        "repo": "lazyvim-nix",
        "type": "github"
      }
    },
    "lib-aggregate": {
      "inputs": {
        "flake-utils": "flake-utils_4",
        "nixpkgs-lib": "nixpkgs-lib"
      },
      "locked": {
        "lastModified": 1771765102,
        "narHash": "sha256-RLvOaBEoxgPnGZn9ULbb6xXs98AgiOyPZQpB44XyLvA=",
        "owner": "nix-community",
        "repo": "lib-aggregate",
        "rev": "55efa4ba1ddbbe046a4afd17b51867c5348bdce8",
        "type": "github"
      },
      "original": {
        "owner": "nix-community",
        "repo": "lib-aggregate",
        "type": "github"
      }
    },
    "librw": {
      "flake": false,
      "locked": {
        "lastModified": 1757412609,
        "narHash": "sha256-L27sTdE14wSrZQSPxqhJg5kwxdOvMW2WQ5OISco2qwI=",
        "owner": "aap",
        "repo": "librw",
        "rev": "1499b9660cda257269992be04aa0595c6e82e0dc",
        "type": "github"
      },
      "original": {
        "owner": "aap",
        "repo": "librw",
        "type": "github"
      }
    },
    "librw_2": {
      "flake": false,
      "locked": {
        "lastModified": 1757412609,
        "narHash": "sha256-L27sTdE14wSrZQSPxqhJg5kwxdOvMW2WQ5OISco2qwI=",
        "owner": "aap",
        "repo": "librw",
        "rev": "1499b9660cda257269992be04aa0595c6e82e0dc",
        "type": "github"
      },
      "original": {
        "owner": "aap",
        "repo": "librw",
        "type": "github"
      }
    },
    "librw_3": {
      "flake": false,
      "locked": {
        "lastModified": 1757412609,
        "narHash": "sha256-L27sTdE14wSrZQSPxqhJg5kwxdOvMW2WQ5OISco2qwI=",
        "owner": "aap",
        "repo": "librw",
        "rev": "1499b9660cda257269992be04aa0595c6e82e0dc",
        "type": "github"
      },
      "original": {
        "owner": "aap",
        "repo": "librw",
        "type": "github"
      }
    },
    "librw_4": {
      "flake": false,
      "locked": {
        "lastModified": 1757412609,
        "narHash": "sha256-L27sTdE14wSrZQSPxqhJg5kwxdOvMW2WQ5OISco2qwI=",
        "owner": "aap",
        "repo": "librw",
        "rev": "1499b9660cda257269992be04aa0595c6e82e0dc",
        "type": "github"
      },
      "original": {
        "owner": "aap",
        "repo": "librw",
        "type": "github"
      }
    },
    "nix-matlab": {
      "inputs": {
        "flake-compat": "flake-compat_3",
        "nixpkgs": [
          "nixpkgs"
        ]
      },
      "locked": {
        "lastModified": 1754476755,
        "narHash": "sha256-vSF0VMEmPMzwNkrXIZwkhOSYmKES9BaDK/LlEe7/q8E=",
        "owner": "doronbehar",
        "repo": "nix-matlab",
        "rev": "0e9c9fb660f9e1a1e4d59fd083e0212a15b513e2",
        "type": "gitlab"
      },
      "original": {
        "owner": "doronbehar",
        "repo": "nix-matlab",
        "type": "gitlab"
      }
    },
    "nixGL": {
      "inputs": {
        "flake-utils": "flake-utils_3",
        "nixpkgs": "nixpkgs_4"
      },
      "locked": {
        "lastModified": 1762090880,
        "narHash": "sha256-fbRQzIGPkjZa83MowjbD2ALaJf9y6KMDdJBQMKFeY/8=",
        "owner": "nix-community",
        "repo": "nixGL",
        "rev": "b6105297e6f0cd041670c3e8628394d4ee247ed5",
        "type": "github"
      },
      "original": {
        "owner": "nix-community",
        "repo": "nixGL",
        "type": "github"
      }
    },
    "nixpkgs": {
      "locked": {
        "lastModified": 1771848320,
        "narHash": "sha256-0MAd+0mun3K/Ns8JATeHT1sX28faLII5hVLq0L3BdZU=",
        "owner": "nixos",
        "repo": "nixpkgs",
        "rev": "2fc6539b481e1d2569f25f8799236694180c0993",
        "type": "github"
      },
      "original": {
        "owner": "nixos",
        "ref": "nixos-unstable",
        "repo": "nixpkgs",
        "type": "github"
      }
    },
    "nixpkgs-lib": {
      "locked": {
        "lastModified": 1771723719,
        "narHash": "sha256-e+/T/pmEkLP6BHhYjx6GmwP5ivonQQn0bJdH9YrRB+Q=",
        "owner": "nix-community",
        "repo": "nixpkgs.lib",
        "rev": "36b8fcb216736b0e1869740b324ae521e5df23d8",
        "type": "github"
      },
      "original": {
        "owner": "nix-community",
        "repo": "nixpkgs.lib",
        "type": "github"
      }
    },
    "nixpkgs-wayland": {
      "inputs": {
        "flake-compat": "flake-compat_4",
        "lib-aggregate": "lib-aggregate",
        "nixpkgs": "nixpkgs_6"
      },
      "locked": {
        "lastModified": 1771942682,
        "narHash": "sha256-ETHukwFkD5s/Z2k5XhssrcQK1ZuZZ73XwaIYbmC3Ahk=",
        "owner": "nix-community",
        "repo": "nixpkgs-wayland",
        "rev": "8c8de2aed209ef2c29ec56132755fb58e0b157d6",
        "type": "github"
      },
      "original": {
        "owner": "nix-community",
        "repo": "nixpkgs-wayland",
        "type": "github"
      }
    },
    "nixpkgs_10": {
      "locked": {
        "lastModified": 1769598131,
        "narHash": "sha256-e7VO/kGLgRMbWtpBqdWl0uFg8Y2XWFMdz0uUJvlML8o=",
        "owner": "NixOS",
        "repo": "nixpkgs",
        "rev": "fa83fd837f3098e3e678e6cf017b2b36102c7211",
        "type": "github"
      },
      "original": {
        "owner": "NixOS",
        "ref": "nixos-25.11",
        "repo": "nixpkgs",
        "type": "github"
      }
    },
    "nixpkgs_2": {
      "locked": {
        "lastModified": 1770537093,
        "narHash": "sha256-XV30uo8tXuxdzuV8l3sojmlPRLd/8tpMsOp4lNzLGUo=",
        "rev": "fef9403a3e4d31b0a23f0bacebbec52c248fbb51",
        "type": "tarball",
        "url": "https://releases.nixos.org/nixpkgs/nixpkgs-26.05pre942631.fef9403a3e4d/nixexprs.tar.xz"
      },
      "original": {
        "type": "tarball",
        "url": "https://channels.nixos.org/nixpkgs-unstable/nixexprs.tar.xz"
      }
    },
    "nixpkgs_3": {
      "locked": {
        "lastModified": 1759831965,
        "narHash": "sha256-vgPm2xjOmKdZ0xKA6yLXPJpjOtQPHfaZDRtH+47XEBo=",
        "owner": "nixos",
        "repo": "nixpkgs",
        "rev": "c9b6fb798541223bbb396d287d16f43520250518",
        "type": "github"
      },
      "original": {
        "owner": "nixos",
        "ref": "nixos-unstable",
        "repo": "nixpkgs",
        "type": "github"
      }
    },
    "nixpkgs_4": {
      "locked": {
        "lastModified": 1746378225,
        "narHash": "sha256-OeRSuL8PUjIfL3Q0fTbNJD/fmv1R+K2JAOqWJd3Oceg=",
        "owner": "nixos",
        "repo": "nixpkgs",
        "rev": "93e8cdce7afc64297cfec447c311470788131cd9",
        "type": "github"
      },
      "original": {
        "owner": "nixos",
        "repo": "nixpkgs",
        "type": "github"
      }
    },
    "nixpkgs_5": {
      "locked": {
        "lastModified": 1771848320,
        "narHash": "sha256-0MAd+0mun3K/Ns8JATeHT1sX28faLII5hVLq0L3BdZU=",
        "owner": "nixos",
        "repo": "nixpkgs",
        "rev": "2fc6539b481e1d2569f25f8799236694180c0993",
        "type": "github"
      },
      "original": {
        "owner": "nixos",
        "ref": "nixos-unstable",
        "repo": "nixpkgs",
        "type": "github"
      }
    },
    "nixpkgs_6": {
      "locked": {
        "lastModified": 1771848320,
        "narHash": "sha256-0MAd+0mun3K/Ns8JATeHT1sX28faLII5hVLq0L3BdZU=",
        "owner": "nixos",
        "repo": "nixpkgs",
        "rev": "2fc6539b481e1d2569f25f8799236694180c0993",
        "type": "github"
      },
      "original": {
        "owner": "nixos",
        "ref": "nixos-unstable",
        "repo": "nixpkgs",
        "type": "github"
      }
    },
    "nixpkgs_7": {
      "locked": {
        "lastModified": 1769598131,
        "narHash": "sha256-e7VO/kGLgRMbWtpBqdWl0uFg8Y2XWFMdz0uUJvlML8o=",
        "owner": "NixOS",
        "repo": "nixpkgs",
        "rev": "fa83fd837f3098e3e678e6cf017b2b36102c7211",
        "type": "github"
      },
      "original": {
        "owner": "NixOS",
        "ref": "nixos-25.11",
        "repo": "nixpkgs",
        "type": "github"
      }
    },
    "nixpkgs_8": {
      "locked": {
        "lastModified": 1769598131,
        "narHash": "sha256-e7VO/kGLgRMbWtpBqdWl0uFg8Y2XWFMdz0uUJvlML8o=",
        "owner": "NixOS",
        "repo": "nixpkgs",
        "rev": "fa83fd837f3098e3e678e6cf017b2b36102c7211",
        "type": "github"
      },
      "original": {
        "owner": "NixOS",
        "ref": "nixos-25.11",
        "repo": "nixpkgs",
        "type": "github"
      }
    },
    "nixpkgs_9": {
      "locked": {
        "lastModified": 1769598131,
        "narHash": "sha256-e7VO/kGLgRMbWtpBqdWl0uFg8Y2XWFMdz0uUJvlML8o=",
        "owner": "NixOS",
        "repo": "nixpkgs",
        "rev": "fa83fd837f3098e3e678e6cf017b2b36102c7211",
        "type": "github"
      },
      "original": {
        "owner": "NixOS",
        "ref": "nixos-25.11",
        "repo": "nixpkgs",
        "type": "github"
      }
    },
    "nixvim": {
      "inputs": {
        "flake-parts": "flake-parts_2",
        "nixpkgs": [
          "lazyvim-nix",
          "nixpkgs"
        ],
        "systems": "systems_3"
      },
      "locked": {
        "lastModified": 1771135771,
        "narHash": "sha256-wyvBIhDuyCRyjB3yPg77qoyxrlgQtBR1rVW3c9knV3E=",
        "owner": "nix-community",
        "repo": "nixvim",
        "rev": "ed0424f0b08d303a7348f52f7850ad1b2704f9ba",
        "type": "github"
      },
      "original": {
        "owner": "nix-community",
        "repo": "nixvim",
        "type": "github"
      }
    },
    "nur": {
      "inputs": {
        "flake-parts": "flake-parts_3",
        "nixpkgs": [
          "nixpkgs"
        ]
      },
      "locked": {
        "lastModified": 1772007406,
        "narHash": "sha256-KhWy1eehequuAVdXec+h3tCg1LMkr63LkTuyct+DduE=",
        "owner": "nix-community",
        "repo": "NUR",
        "rev": "6ed30384b615e23c62e61e9767cdbb15d6aba12b",
        "type": "github"
      },
      "original": {
        "owner": "nix-community",
        "repo": "NUR",
        "type": "github"
      }
    },
    "ogg": {
      "flake": false,
      "locked": {
        "lastModified": 1751896827,
        "narHash": "sha256-IoDEoh58OqiixLu8n3N/G9Fzqm4WYoTuGZLTLGw7XfM=",
        "owner": "xiph",
        "repo": "ogg",
        "rev": "0288fadac3ac62d453409dfc83e9c4ab617d2472",
        "type": "github"
      },
      "original": {
        "owner": "xiph",
        "repo": "ogg",
        "type": "github"
      }
    },
    "ogg_2": {
      "flake": false,
      "locked": {
        "lastModified": 1751896827,
        "narHash": "sha256-IoDEoh58OqiixLu8n3N/G9Fzqm4WYoTuGZLTLGw7XfM=",
        "owner": "xiph",
        "repo": "ogg",
        "rev": "0288fadac3ac62d453409dfc83e9c4ab617d2472",
        "type": "github"
      },
      "original": {
        "owner": "xiph",
        "repo": "ogg",
        "type": "github"
      }
    },
    "ogg_3": {
      "flake": false,
      "locked": {
        "lastModified": 1751896827,
        "narHash": "sha256-IoDEoh58OqiixLu8n3N/G9Fzqm4WYoTuGZLTLGw7XfM=",
        "owner": "xiph",
        "repo": "ogg",
        "rev": "0288fadac3ac62d453409dfc83e9c4ab617d2472",
        "type": "github"
      },
      "original": {
        "owner": "xiph",
        "repo": "ogg",
        "type": "github"
      }
    },
    "ogg_4": {
      "flake": false,
      "locked": {
        "lastModified": 1751896827,
        "narHash": "sha256-IoDEoh58OqiixLu8n3N/G9Fzqm4WYoTuGZLTLGw7XfM=",
        "owner": "xiph",
        "repo": "ogg",
        "rev": "0288fadac3ac62d453409dfc83e9c4ab617d2472",
        "type": "github"
      },
      "original": {
        "owner": "xiph",
        "repo": "ogg",
        "type": "github"
      }
    },
    "opus": {
      "flake": false,
      "locked": {
        "lastModified": 1769009966,
        "narHash": "sha256-SyGUedfpqWb5+URiX0Tw/g3VPWxJBNPDSHmv/j9xHls=",
        "owner": "xiph",
        "repo": "opus",
        "rev": "a3f0ec02b34281c38aefdaf4bbbd5787ad641d62",
        "type": "github"
      },
      "original": {
        "owner": "xiph",
        "repo": "opus",
        "type": "github"
      }
    },
    "opus_2": {
      "flake": false,
      "locked": {
        "lastModified": 1769009966,
        "narHash": "sha256-SyGUedfpqWb5+URiX0Tw/g3VPWxJBNPDSHmv/j9xHls=",
        "owner": "xiph",
        "repo": "opus",
        "rev": "a3f0ec02b34281c38aefdaf4bbbd5787ad641d62",
        "type": "github"
      },
      "original": {
        "owner": "xiph",
        "repo": "opus",
        "type": "github"
      }
    },
    "opus_3": {
      "flake": false,
      "locked": {
        "lastModified": 1769009966,
        "narHash": "sha256-SyGUedfpqWb5+URiX0Tw/g3VPWxJBNPDSHmv/j9xHls=",
        "owner": "xiph",
        "repo": "opus",
        "rev": "a3f0ec02b34281c38aefdaf4bbbd5787ad641d62",
        "type": "github"
      },
      "original": {
        "owner": "xiph",
        "repo": "opus",
        "type": "github"
      }
    },
    "opus_4": {
      "flake": false,
      "locked": {
        "lastModified": 1769009966,
        "narHash": "sha256-SyGUedfpqWb5+URiX0Tw/g3VPWxJBNPDSHmv/j9xHls=",
        "owner": "xiph",
        "repo": "opus",
        "rev": "a3f0ec02b34281c38aefdaf4bbbd5787ad641d62",
        "type": "github"
      },
      "original": {
        "owner": "xiph",
        "repo": "opus",
        "type": "github"
      }
    },
    "opusfile": {
      "flake": false,
      "locked": {
        "lastModified": 1765882903,
        "narHash": "sha256-tANL22eOF5LqNVBQGW0Uh5IB9o3rFn6A7oXL4t16tcQ=",
        "owner": "xiph",
        "repo": "opusfile",
        "rev": "cc04a82f7964067da6e3f5dddc7634b833c9402c",
        "type": "github"
      },
      "original": {
        "owner": "xiph",
        "repo": "opusfile",
        "type": "github"
      }
    },
    "opusfile_2": {
      "flake": false,
      "locked": {
        "lastModified": 1765882903,
        "narHash": "sha256-tANL22eOF5LqNVBQGW0Uh5IB9o3rFn6A7oXL4t16tcQ=",
        "owner": "xiph",
        "repo": "opusfile",
        "rev": "cc04a82f7964067da6e3f5dddc7634b833c9402c",
        "type": "github"
      },
      "original": {
        "owner": "xiph",
        "repo": "opusfile",
        "type": "github"
      }
    },
    "opusfile_3": {
      "flake": false,
      "locked": {
        "lastModified": 1765882903,
        "narHash": "sha256-tANL22eOF5LqNVBQGW0Uh5IB9o3rFn6A7oXL4t16tcQ=",
        "owner": "xiph",
        "repo": "opusfile",
        "rev": "cc04a82f7964067da6e3f5dddc7634b833c9402c",
        "type": "github"
      },
      "original": {
        "owner": "xiph",
        "repo": "opusfile",
        "type": "github"
      }
    },
    "opusfile_4": {
      "flake": false,
      "locked": {
        "lastModified": 1765882903,
        "narHash": "sha256-tANL22eOF5LqNVBQGW0Uh5IB9o3rFn6A7oXL4t16tcQ=",
        "owner": "xiph",
        "repo": "opusfile",
        "rev": "cc04a82f7964067da6e3f5dddc7634b833c9402c",
        "type": "github"
      },
      "original": {
        "owner": "xiph",
        "repo": "opusfile",
        "type": "github"
      }
    },
    "pre-commit": {
      "inputs": {
        "flake-compat": "flake-compat_2",
        "gitignore": "gitignore",
        "nixpkgs": [
          "lanzaboote",
          "nixpkgs"
        ]
      },
      "locked": {
        "lastModified": 1770726378,
        "narHash": "sha256-kck+vIbGOaM/dHea7aTBxdFYpeUl/jHOy5W3eyRvVx8=",
        "owner": "cachix",
        "repo": "pre-commit-hooks.nix",
        "rev": "5eaaedde414f6eb1aea8b8525c466dc37bba95ae",
        "type": "github"
      },
      "original": {
        "owner": "cachix",
        "repo": "pre-commit-hooks.nix",
        "type": "github"
      }
    },
    "quickshell": {
      "inputs": {
        "nixpkgs": [
          "caelestia-cli",
          "caelestia-shell",
          "nixpkgs"
        ]
      },
      "locked": {
        "lastModified": 1770693276,
        "narHash": "sha256-ngXnN5YXu+f45+QGYNN/VEBMQmcBCYGRCqwaK8cxY1s=",
        "ref": "refs/heads/master",
        "rev": "dacfa9de829ac7cb173825f593236bf2c21f637e",
        "revCount": 735,
        "type": "git",
        "url": "https://git.outfoxxed.me/outfoxxed/quickshell"
      },
      "original": {
        "type": "git",
        "url": "https://git.outfoxxed.me/outfoxxed/quickshell"
      }
    },
    "re3-flake": {
      "inputs": {
        "nixpkgs": [
          "nixpkgs"
        ],
        "re3-lcs-repo": "re3-lcs-repo",
        "re3-master-repo": "re3-master-repo",
        "re3-miami-improved-repo": "re3-miami-improved-repo",
        "re3-miami-repo": "re3-miami-repo"
      },
      "locked": {
        "lastModified": 1771409704,
        "narHash": "sha256-n2eBVIFuI8Dg6yDWXw0qF6JHF6+Qi5rQC9lQXd26i9M=",
        "owner": "gujial",
        "repo": "re3-flake",
        "rev": "71e86b31cc43a7f7ad86a32d74f57ff7fce6d830",
        "type": "github"
      },
      "original": {
        "owner": "gujial",
        "repo": "re3-flake",
        "type": "github"
      }
    },
    "re3-lcs-repo": {
      "inputs": {
        "librw": "librw",
        "nixpkgs": "nixpkgs_7",
        "ogg": "ogg",
        "opus": "opus",
        "opusfile": "opusfile"
      },
      "locked": {
        "lastModified": 1769837755,
        "narHash": "sha256-57YkTtg76KpFzkeVJUSS6+t0RHclZAJJf/4wI5YyGAo=",
        "owner": "gujial",
        "repo": "re3",
        "rev": "7b7f028b1859c90de8ea8dce33f166b5b58772d2",
        "type": "github"
      },
      "original": {
        "owner": "gujial",
        "ref": "lcs",
        "repo": "re3",
        "type": "github"
      }
    },
    "re3-master-repo": {
      "inputs": {
        "librw": "librw_2",
        "nixpkgs": "nixpkgs_8",
        "ogg": "ogg_2",
        "opus": "opus_2",
        "opusfile": "opusfile_2"
      },
      "locked": {
        "lastModified": 1769837729,
        "narHash": "sha256-GuPJrGgB5VEMIBZdQBflk/aJ50tewNPXGybs4n7mJ8k=",
        "owner": "gujial",
        "repo": "re3",
        "rev": "fc663b95411949fbacb7aa1058587e9e1ea99cc2",
        "type": "github"
      },
      "original": {
        "owner": "gujial",
        "ref": "master",
        "repo": "re3",
        "type": "github"
      }
    },
    "re3-miami-improved-repo": {
      "inputs": {
        "librw": "librw_3",
        "nixpkgs": "nixpkgs_9",
        "ogg": "ogg_3",
        "opus": "opus_3",
        "opusfile": "opusfile_3"
      },
      "locked": {
        "lastModified": 1771323077,
        "narHash": "sha256-rFtxEMbYCnpslc1ZtMrEArkH4/bE1qQhfyqTMftlXdk=",
        "owner": "gujial",
        "repo": "re3",
        "rev": "5685d4f6b6be51a7a2e28837126f897b284d9c02",
        "type": "github"
      },
      "original": {
        "owner": "gujial",
        "ref": "miami-improve",
        "repo": "re3",
        "type": "github"
      }
    },
    "re3-miami-repo": {
      "inputs": {
        "librw": "librw_4",
        "nixpkgs": "nixpkgs_10",
        "ogg": "ogg_4",
        "opus": "opus_4",
        "opusfile": "opusfile_4"
      },
      "locked": {
        "lastModified": 1770378445,
        "narHash": "sha256-P9gb6u8b4+lS/2QMsDcRXCiiEHrxx0I61R8X+aWMn/0=",
        "owner": "gujial",
        "repo": "re3",
        "rev": "87419bf0998872cd0d77ee292bdddb1bce3c4cc7",
        "type": "github"
      },
      "original": {
        "owner": "gujial",
        "ref": "miami",
        "repo": "re3",
        "type": "github"
      }
    },
    "root": {
      "inputs": {
        "caelestia-cli": "caelestia-cli",
        "cursor": "cursor",
        "ghostty": "ghostty",
        "hexecute": "hexecute",
        "home-manager": "home-manager_2",
        "lanzaboote": "lanzaboote",
        "lazyvim-nix": "lazyvim-nix",
        "nix-matlab": "nix-matlab",
        "nixGL": "nixGL",
        "nixpkgs": "nixpkgs_5",
        "nixpkgs-wayland": "nixpkgs-wayland",
        "nur": "nur",
        "re3-flake": "re3-flake",
        "tinyMediaManager-flake": "tinyMediaManager-flake",
        "zen-browser": "zen-browser"
      }
    },
    "rust-overlay": {
      "inputs": {
        "nixpkgs": [
          "lanzaboote",
          "nixpkgs"
        ]
      },
      "locked": {
        "lastModified": 1771125043,
        "narHash": "sha256-ldf/s49n6rOAxl7pYLJGGS1N/assoHkCOWdEdLyNZkc=",
        "owner": "oxalica",
        "repo": "rust-overlay",
        "rev": "4912f951a26dc8142b176be2c2ad834319dc06e8",
        "type": "github"
      },
      "original": {
        "owner": "oxalica",
        "repo": "rust-overlay",
        "type": "github"
      }
    },
    "systems": {
      "locked": {
        "lastModified": 1681028828,
        "narHash": "sha256-Vy1rq5AaRuLzOxct8nz4T6wlgyUR7zLU309k9mBC768=",
        "owner": "nix-systems",
        "repo": "default",
        "rev": "da67096a3b9bf56a91d16901293e51ba5b49a27e",
        "type": "github"
      },
      "original": {
        "owner": "nix-systems",
        "repo": "default",
        "type": "github"
      }
    },
    "systems_2": {
      "locked": {
        "lastModified": 1681028828,
        "narHash": "sha256-Vy1rq5AaRuLzOxct8nz4T6wlgyUR7zLU309k9mBC768=",
        "owner": "nix-systems",
        "repo": "default",
        "rev": "da67096a3b9bf56a91d16901293e51ba5b49a27e",
        "type": "github"
      },
      "original": {
        "owner": "nix-systems",
        "repo": "default",
        "type": "github"
      }
    },
    "systems_3": {
      "locked": {
        "lastModified": 1681028828,
        "narHash": "sha256-Vy1rq5AaRuLzOxct8nz4T6wlgyUR7zLU309k9mBC768=",
        "owner": "nix-systems",
        "repo": "default",
        "rev": "da67096a3b9bf56a91d16901293e51ba5b49a27e",
        "type": "github"
      },
      "original": {
        "owner": "nix-systems",
        "repo": "default",
        "type": "github"
      }
    },
    "systems_4": {
      "locked": {
        "lastModified": 1681028828,
        "narHash": "sha256-Vy1rq5AaRuLzOxct8nz4T6wlgyUR7zLU309k9mBC768=",
        "owner": "nix-systems",
        "repo": "default",
        "rev": "da67096a3b9bf56a91d16901293e51ba5b49a27e",
        "type": "github"
      },
      "original": {
        "owner": "nix-systems",
        "repo": "default",
        "type": "github"
      }
    },
    "systems_5": {
      "locked": {
        "lastModified": 1681028828,
        "narHash": "sha256-Vy1rq5AaRuLzOxct8nz4T6wlgyUR7zLU309k9mBC768=",
        "owner": "nix-systems",
        "repo": "default",
        "rev": "da67096a3b9bf56a91d16901293e51ba5b49a27e",
        "type": "github"
      },
      "original": {
        "owner": "nix-systems",
        "repo": "default",
        "type": "github"
      }
    },
    "systems_6": {
      "locked": {
        "lastModified": 1681028828,
        "narHash": "sha256-Vy1rq5AaRuLzOxct8nz4T6wlgyUR7zLU309k9mBC768=",
        "owner": "nix-systems",
        "repo": "default",
        "rev": "da67096a3b9bf56a91d16901293e51ba5b49a27e",
        "type": "github"
      },
      "original": {
        "owner": "nix-systems",
        "repo": "default",
        "type": "github"
      }
    },
    "tinyMediaManager-flake": {
      "inputs": {
        "flake-utils": "flake-utils_5",
        "nixpkgs": [
          "nixpkgs"
        ]
      },
      "locked": {
        "lastModified": 1771556050,
        "narHash": "sha256-+E4gQJ8Aaeac3G1s6zepUayOrc7as+jBopzTtXDKuaY=",
        "owner": "gujial",
        "repo": "tinyMediaManager-flake",
        "rev": "5b1c39d64b3dcc6e9968888468a73a25c6c7bf73",
        "type": "github"
      },
      "original": {
        "owner": "gujial",
        "repo": "tinyMediaManager-flake",
        "type": "github"
      }
    },
    "zen-browser": {
      "inputs": {
        "home-manager": "home-manager_3",
        "nixpkgs": [
          "nixpkgs"
        ]
      },
      "locked": {
        "lastModified": 1772005916,
        "narHash": "sha256-aFYnT0gStcu1PVTh2Xzd0n8PIEKmqvTgrVkpv49qc6M=",
        "owner": "0xc000022070",
        "repo": "zen-browser-flake",
        "rev": "044299e83752f78f9fc5d6a648f7f3dd84bb3b18",
        "type": "github"
      },
      "original": {
        "owner": "0xc000022070",
        "repo": "zen-browser-flake",
        "type": "github"
      }
    },
    "zig": {
      "inputs": {
        "flake-compat": [
          "ghostty",
          "flake-compat"
        ],
        "flake-utils": [
          "ghostty",
          "flake-utils"
        ],
        "nixpkgs": [
          "ghostty",
          "nixpkgs"
        ]
      },
      "locked": {
        "lastModified": 1763295135,
        "narHash": "sha256-sGv/NHCmEnJivguGwB5w8LRmVqr1P72OjS+NzcJsssE=",
        "owner": "mitchellh",
        "repo": "zig-overlay",
        "rev": "64f8b42cfc615b2cf99144adf2b7728c7847c72a",
        "type": "github"
      },
      "original": {
        "owner": "mitchellh",
        "repo": "zig-overlay",
        "type": "github"
      }
    },
    "zon2nix": {
      "inputs": {
        "nixpkgs": [
          "ghostty",
          "nixpkgs"
        ]
      },
      "locked": {
        "lastModified": 1768231828,
        "narHash": "sha256-wL/8Iij4T2OLkhHcc4NieOjf7YeJffaUYbCiCqKv/+0=",
        "owner": "jcollie",
        "repo": "zon2nix",
        "rev": "c28e93f3ba133d4c1b1d65224e2eebede61fd071",
        "type": "github"
      },
      "original": {
        "owner": "jcollie",
        "repo": "zon2nix",
        "rev": "c28e93f3ba133d4c1b1d65224e2eebede61fd071",
        "type": "github"
      }
    }
  },
  "root": "root",
  "version": 7
}
